{
  "name": "binarytree",
  "version": "1.0.0",
  "lockfileVersion": 2,
  "requires": true,
  "packages": {
    "": {
      "name": "binarytree",
      "version": "1.0.0",
      "dependencies": {
        "run-func": "^1.0.5"
      }
    },
    "node_modules/run-func": {
      "version": "1.0.5",
      "resolved": "https://registry.npmjs.org/run-func/-/run-func-1.0.5.tgz",
      "integrity": "sha512-v+Iopip1KE00OFRwIpLdLUsMXHDErktYAMYevTvCCwTBQWF+7z+vy886FUrOOBIwyX5OJC6tLdRKyzYHOfHQug==",
      "bin": {
        "run-func": "index.js",
        "run-func-mem": "mem.js"
      }
    }
  },
  "dependencies": {
    "run-func": {
      "version": "1.0.5",
      "resolved": "https://registry.npmjs.org/run-func/-/run-func-1.0.5.tgz",
      "integrity": "sha512-v+Iopip1KE00OFRwIpLdLUsMXHDErktYAMYevTvCCwTBQWF+7z+vy886FUrOOBIwyX5OJC6tLdRKyzYHOfHQug=="
    }
  }
}
